
Microsoft Visual Studio Solution File, Format Version 12.00
# Visual Studio 15
VisualStudioVersion = 15.0.27703.2042
MinimumVisualStudioVersion = 10.0.40219.1
Project("{FAE04EC0-301F-11D3-BF4B-00C04F79EFBC}") = "HomeWorkAndPractik", "HomeWorkAndPractik\HomeWorkAndPractik.csproj", "{B890A638-87BD-4A89-A879-6A89508BA2E7}"
EndProject
Global
	GlobalSection(SolutionConfigurationPlatforms) = preSolution
		Debug|Any CPU = Debug|Any CPU
		Release|Any CPU = Release|Any CPU
	EndGlobalSection
	GlobalSection(ProjectConfigurationPlatforms) = postSolution
		{B890A638-87BD-4A89-A879-6A89508BA2E7}.Debug|Any CPU.ActiveCfg = Debug|Any CPU
		{B890A638-87BD-4A89-A879-6A89508BA2E7}.Debug|Any CPU.Build.0 = Debug|Any CPU
		{B890A638-87BD-4A89-A879-6A89508BA2E7}.Release|Any CPU.ActiveCfg = Release|Any CPU
		{B890A638-87BD-4A89-A879-6A89508BA2E7}.Release|Any CPU.Build.0 = Release|Any CPU
	EndGlobalSection
	GlobalSection(SolutionProperties) = preSolution
		HideSolutionNode = FALSE
	EndGlobalSection
	GlobalSection(ExtensibilityGlobals) = postSolution
		SolutionGuid = {611B45A9-747A-460C-92D0-E95FE2F2E027}
	EndGlobalSection
EndGlobal
